
Microsoft Visual Studio Solution File, Format Version 12.00
# Visual Studio Version 17
VisualStudioVersion = 17.3.32825.248
MinimumVisualStudioVersion = 10.0.40219.1
Project("{8BC9CEB8-8B4A-11D0-8D11-00A0C91BC942}") = "PingPingC", "PingPingC.vcxproj", "{43633F26-983E-4807-B435-DEE956E6DEF6}"
EndProject
Global
	GlobalSection(SolutionConfigurationPlatforms) = preSolution
		Debug|x64 = Debug|x64
		Debug|x86 = Debug|x86
		Release|x64 = Release|x64
		Release|x86 = Release|x86
	EndGlobalSection
	GlobalSection(ProjectConfigurationPlatforms) = postSolution
		{43633F26-983E-4807-B435-DEE956E6DEF6}.Debug|x64.ActiveCfg = Debug|x64
		{43633F26-983E-4807-B435-DEE956E6DEF6}.Debug|x64.Build.0 = Debug|x64
		{43633F26-983E-4807-B435-DEE956E6DEF6}.Debug|x86.ActiveCfg = Debug|Win32
		{43633F26-983E-4807-B435-DEE956E6DEF6}.Debug|x86.Build.0 = Debug|Win32
		{43633F26-983E-4807-B435-DEE956E6DEF6}.Release|x64.ActiveCfg = Release|x64
		{43633F26-983E-4807-B435-DEE956E6DEF6}.Release|x64.Build.0 = Release|x64
		{43633F26-983E-4807-B435-DEE956E6DEF6}.Release|x86.ActiveCfg = Release|Win32
		{43633F26-983E-4807-B435-DEE956E6DEF6}.Release|x86.Build.0 = Release|Win32
	EndGlobalSection
	GlobalSection(SolutionProperties) = preSolution
		HideSolutionNode = FALSE
	EndGlobalSection
	GlobalSection(ExtensibilityGlobals) = postSolution
		SolutionGuid = {EE492D05-5A78-4329-9120-26886C49466E}
	EndGlobalSection
EndGlobal
